
Microsoft Visual Studio Solution File, Format Version 12.00
# Visual Studio Version 17
VisualStudioVersion = 17.1.32414.318
MinimumVisualStudioVersion = 10.0.40219.1
Project("{FAE04EC0-301F-11D3-BF4B-00C04F79EFBC}") = "tasarim", "tasarim\tasarim.csproj", "{A3D57A9E-8CDE-4A06-AAF5-38C3FF3043CF}"
EndProject
Global
	GlobalSection(SolutionConfigurationPlatforms) = preSolution
		Debug|Any CPU = Debug|Any CPU
		Release|Any CPU = Release|Any CPU
	EndGlobalSection
	GlobalSection(ProjectConfigurationPlatforms) = postSolution
		{A3D57A9E-8CDE-4A06-AAF5-38C3FF3043CF}.Debug|Any CPU.ActiveCfg = Debug|Any CPU
		{A3D57A9E-8CDE-4A06-AAF5-38C3FF3043CF}.Debug|Any CPU.Build.0 = Debug|Any CPU
		{A3D57A9E-8CDE-4A06-AAF5-38C3FF3043CF}.Release|Any CPU.ActiveCfg = Release|Any CPU
		{A3D57A9E-8CDE-4A06-AAF5-38C3FF3043CF}.Release|Any CPU.Build.0 = Release|Any CPU
	EndGlobalSection
	GlobalSection(SolutionProperties) = preSolution
		HideSolutionNode = FALSE
	EndGlobalSection
	GlobalSection(ExtensibilityGlobals) = postSolution
		SolutionGuid = {7CD78D61-4215-4D6D-B14A-E8B25D1114F2}
	EndGlobalSection
EndGlobal
